
Microsoft Visual Studio Solution File, Format Version 12.00
# Visual Studio Version 16
VisualStudioVersion = 16.0.30907.101
MinimumVisualStudioVersion = 10.0.40219.1
Project("{FAE04EC0-301F-11D3-BF4B-00C04F79EFBC}") = "DapperPractice", "DapperPractice\DapperPractice.csproj", "{A168FD5D-2BCF-4AF3-8740-6F26C49BF238}"
EndProject
Global
	GlobalSection(SolutionConfigurationPlatforms) = preSolution
		Debug|Any CPU = Debug|Any CPU
		Release|Any CPU = Release|Any CPU
	EndGlobalSection
	GlobalSection(ProjectConfigurationPlatforms) = postSolution
		{A168FD5D-2BCF-4AF3-8740-6F26C49BF238}.Debug|Any CPU.ActiveCfg = Debug|Any CPU
		{A168FD5D-2BCF-4AF3-8740-6F26C49BF238}.Debug|Any CPU.Build.0 = Debug|Any CPU
		{A168FD5D-2BCF-4AF3-8740-6F26C49BF238}.Release|Any CPU.ActiveCfg = Release|Any CPU
		{A168FD5D-2BCF-4AF3-8740-6F26C49BF238}.Release|Any CPU.Build.0 = Release|Any CPU
	EndGlobalSection
	GlobalSection(SolutionProperties) = preSolution
		HideSolutionNode = FALSE
	EndGlobalSection
	GlobalSection(ExtensibilityGlobals) = postSolution
		SolutionGuid = {1DA47B54-2E0B-4EC5-8A06-2108FCC906BF}
	EndGlobalSection
EndGlobal
